// !$*UTF8*$!
{
	archiveVersion = 1;
	classes = {
	};
	objectVersion = 77;
	objects = {

/* Begin PBXContainerItemProxy section */
		3DEF1E802CFE76BF00FF4CE4 /* PBXContainerItemProxy */ = {
			isa = PBXContainerItemProxy;
			containerPortal = 3DEF1E612CFE76BD00FF4CE4 /* Project object */;
			proxyType = 1;
			remoteGlobalIDString = 3DEF1E682CFE76BD00FF4CE4;
			remoteInfo = testingtesting123;
		};
		3DEF1E8A2CFE76BF00FF4CE4 /* PBXContainerItemProxy */ = {
			isa = PBXContainerItemProxy;
			containerPortal = 3DEF1E612CFE76BD00FF4CE4 /* Project object */;
			proxyType = 1;
			remoteGlobalIDString = 3DEF1E682CFE76BD00FF4CE4;
			remoteInfo = testingtesting123;
		};
/* End PBXContainerItemProxy section */

/* Begin PBXFileReference section */
		3DEF1E692CFE76BD00FF4CE4 /* testingtesting123.app */ = {isa = PBXFileReference; explicitFileType = wrapper.application; includeInIndex = 0; path = testingtesting123.app; sourceTree = BUILT_PRODUCTS_DIR; };
		3DEF1E7F2CFE76BF00FF4CE4 /* testingtesting123Tests.xctest */ = {isa = PBXFileReference; explicitFileType = wrapper.cfbundle; includeInIndex = 0; path = testingtesting123Tests.xctest; sourceTree = BUILT_PRODUCTS_DIR; };
		3DEF1E892CFE76BF00FF4CE4 /* testingtesting123UITests.xctest */ = {isa = PBXFileReference; explicitFileType = wrapper.cfbundle; includeInIndex = 0; path = testingtesting123UITests.xctest; sourceTree = BUILT_PRODUCTS_DIR; };
/* End PBXFileReference section */

/* Begin PBXFileSystemSynchronizedBuildFileExceptionSet section */
		3DEF1E912CFE76BF00FF4CE4 /* Exceptions for "testingtesting123" folder in "testingtesting123" target */ = {
			isa = PBXFileSystemSynchronizedBuildFileExceptionSet;
			membershipExceptions = (
				Info.plist,
			);
			target = 3DEF1E682CFE76BD00FF4CE4 /* testingtesting123 */;
		};
/* End PBXFileSystemSynchronizedBuildFileExceptionSet section */

/* Begin PBXFileSystemSynchronizedRootGroup section */
		3DEF1E6B2CFE76BD00FF4CE4 /* testingtesting123 */ = {
			isa = PBXFileSystemSynchronizedRootGroup;
			exceptions = (
				3DEF1E912CFE76BF00FF4CE4 /* Exceptions for "testingtesting123" folder in "testingtesting123" target */,
			);
			path = testingtesting123;
			sourceTree = "<group>";
		};
/* End PBXFileSystemSynchronizedRootGroup section */

/* Begin PBXFrameworksBuildPhase section */
		3DEF1E662CFE76BD00FF4CE4 /* Frameworks */ = {
			isa = PBXFrameworksBuildPhase;
			buildActionMask = 2147483647;
			files = (
			);
			runOnlyForDeploymentPostprocessing = 0;
		};
		3DEF1E7C2CFE76BF00FF4CE4 /* Frameworks */ = {
			isa = PBXFrameworksBuildPhase;
			buildActionMask = 2147483647;
			files = (
			);
			runOnlyForDeploymentPostprocessing = 0;
		};
		3DEF1E862CFE76BF00FF4CE4 /* Frameworks */ = {
			isa = PBXFrameworksBuildPhase;
			buildActionMask = 2147483647;
			files = (
			);
			runOnlyForDeploymentPostprocessing = 0;
		};
/* End PBXFrameworksBuildPhase section */

/* Begin PBXGroup section */
		3DEF1E602CFE76BD00FF4CE4 = {
			isa = PBXGroup;
			children = (
				3DEF1E6B2CFE76BD00FF4CE4 /* testingtesting123 */,
				3DEF1E6A2CFE76BD00FF4CE4 /* Products */,
			);
			sourceTree = "<group>";
		};
		3DEF1E6A2CFE76BD00FF4CE4 /* Products */ = {
			isa = PBXGroup;
			children = (
				3DEF1E692CFE76BD00FF4CE4 /* testingtesting123.app */,
				3DEF1E7F2CFE76BF00FF4CE4 /* testingtesting123Tests.xctest */,
				3DEF1E892CFE76BF00FF4CE4 /* testingtesting123UITests.xctest */,
			);
			name = Products;
			sourceTree = "<group>";
		};
/* End PBXGroup section */

/* Begin PBXNativeTarget section */
		3DEF1E682CFE76BD00FF4CE4 /* testingtesting123 */ = {
			isa = PBXNativeTarget;
			buildConfigurationList = 3DEF1E922CFE76BF00FF4CE4 /* Build configuration list for PBXNativeTarget "testingtesting123" */;
			buildPhases = (
				3DEF1E652CFE76BD00FF4CE4 /* Sources */,
				3DEF1E662CFE76BD00FF4CE4 /* Frameworks */,
				3DEF1E672CFE76BD00FF4CE4 /* Resources */,
			);
			buildRules = (
			);
			dependencies = (
			);
			fileSystemSynchronizedGroups = (
				3DEF1E6B2CFE76BD00FF4CE4 /* testingtesting123 */,
			);
			name = testingtesting123;
			packageProductDependencies = (
			);
			productName = testingtesting123;
			productReference = 3DEF1E692CFE76BD00FF4CE4 /* testingtesting123.app */;
			productType = "com.apple.product-type.application";
		};
		3DEF1E7E2CFE76BF00FF4CE4 /* testingtesting123Tests */ = {
			isa = PBXNativeTarget;
			buildConfigurationList = 3DEF1E972CFE76BF00FF4CE4 /* Build configuration list for PBXNativeTarget "testingtesting123Tests" */;
			buildPhases = (
				3DEF1E7B2CFE76BF00FF4CE4 /* Sources */,
				3DEF1E7C2CFE76BF00FF4CE4 /* Frameworks */,
				3DEF1E7D2CFE76BF00FF4CE4 /* Resources */,
			);
			buildRules = (
			);
			dependencies = (
				3DEF1E812CFE76BF00FF4CE4 /* PBXTargetDependency */,
			);
			name = testingtesting123Tests;
			packageProductDependencies = (
			);
			productName = testingtesting123Tests;
			productReference = 3DEF1E7F2CFE76BF00FF4CE4 /* testingtesting123Tests.xctest */;
			productType = "com.apple.product-type.bundle.unit-test";
		};
		3DEF1E882CFE76BF00FF4CE4 /* testingtesting123UITests */ = {
			isa = PBXNativeTarget;
			buildConfigurationList = 3DEF1E9A2CFE76BF00FF4CE4 /* Build configuration list for PBXNativeTarget "testingtesting123UITests" */;
			buildPhases = (
				3DEF1E852CFE76BF00FF4CE4 /* Sources */,
				3DEF1E862CFE76BF00FF4CE4 /* Frameworks */,
				3DEF1E872CFE76BF00FF4CE4 /* Resources */,
			);
			buildRules = (
			);
			dependencies = (
				3DEF1E8B2CFE76BF00FF4CE4 /* PBXTargetDependency */,
			);
			name = testingtesting123UITests;
			packageProductDependencies = (
			);
			productName = testingtesting123UITests;
			productReference = 3DEF1E892CFE76BF00FF4CE4 /* testingtesting123UITests.xctest */;
			productType = "com.apple.product-type.bundle.ui-testing";
		};
/* End PBXNativeTarget section */

/* Begin PBXProject section */
		3DEF1E612CFE76BD00FF4CE4 /* Project object */ = {
			isa = PBXProject;
			attributes = {
				BuildIndependentTargetsInParallel = 1;
				LastSwiftUpdateCheck = 1610;
				LastUpgradeCheck = 1610;
				TargetAttributes = {
					3DEF1E682CFE76BD00FF4CE4 = {
						CreatedOnToolsVersion = 16.1;
					};
					3DEF1E7E2CFE76BF00FF4CE4 = {
						CreatedOnToolsVersion = 16.1;
						TestTargetID = 3DEF1E682CFE76BD00FF4CE4;
					};
					3DEF1E882CFE76BF00FF4CE4 = {
						CreatedOnToolsVersion = 16.1;
						TestTargetID = 3DEF1E682CFE76BD00FF4CE4;
					};
				};
			};
			buildConfigurationList = 3DEF1E642CFE76BD00FF4CE4 /* Build configuration list for PBXProject "testingtesting123" */;
			developmentRegion = en;
			hasScannedForEncodings = 0;
			knownRegions = (
				en,
				Base,
			);
			mainGroup = 3DEF1E602CFE76BD00FF4CE4;
			minimizedProjectReferenceProxies = 1;
			preferredProjectObjectVersion = 77;
			productRefGroup = 3DEF1E6A2CFE76BD00FF4CE4 /* Products */;
			projectDirPath = "";
			projectRoot = "";
			targets = (
				3DEF1E682CFE76BD00FF4CE4 /* testingtesting123 */,
				3DEF1E7E2CFE76BF00FF4CE4 /* testingtesting123Tests */,
				3DEF1E882CFE76BF00FF4CE4 /* testingtesting123UITests */,
			);
		};
/* End PBXProject section */

/* Begin PBXResourcesBuildPhase section */
		3DEF1E672CFE76BD00FF4CE4 /* Resources */ = {
			isa = PBXResourcesBuildPhase;
			buildActionMask = 2147483647;
			files = (
			);
			runOnlyForDeploymentPostprocessing = 0;
		};
		3DEF1E7D2CFE76BF00FF4CE4 /* Resources */ = {
			isa = PBXResourcesBuildPhase;
			buildActionMask = 2147483647;
			files = (
			);
			runOnlyForDeploymentPostprocessing = 0;
		};
		3DEF1E872CFE76BF00FF4CE4 /* Resources */ = {
			isa = PBXResourcesBuildPhase;
			buildActionMask = 2147483647;
			files = (
			);
			runOnlyForDeploymentPostprocessing = 0;
		};
/* End PBXResourcesBuildPhase section */

/* Begin PBXSourcesBuildPhase section */
		3DEF1E652CFE76BD00FF4CE4 /* Sources */ = {
			isa = PBXSourcesBuildPhase;
			buildActionMask = 2147483647;
			files = (
			);
			runOnlyForDeploymentPostprocessing = 0;
		};
		3DEF1E7B2CFE76BF00FF4CE4 /* Sources */ = {
			isa = PBXSourcesBuildPhase;
			buildActionMask = 2147483647;
			files = (
			);
			runOnlyForDeploymentPostprocessing = 0;
		};
		3DEF1E852CFE76BF00FF4CE4 /* Sources */ = {
			isa = PBXSourcesBuildPhase;
			buildActionMask = 2147483647;
			files = (
			);
			runOnlyForDeploymentPostprocessing = 0;
		};
/* End PBXSourcesBuildPhase section */

/* Begin PBXTargetDependency section */
		3DEF1E812CFE76BF00FF4CE4 /* PBXTargetDependency */ = {
			isa = PBXTargetDependency;
			target = 3DEF1E682CFE76BD00FF4CE4 /* testingtesting123 */;
			targetProxy = 3DEF1E802CFE76BF00FF4CE4 /* PBXContainerItemProxy */;
		};
		3DEF1E8B2CFE76BF00FF4CE4 /* PBXTargetDependency */ = {
			isa = PBXTargetDependency;
			target = 3DEF1E682CFE76BD00FF4CE4 /* testingtesting123 */;
			targetProxy = 3DEF1E8A2CFE76BF00FF4CE4 /* PBXContainerItemProxy */;
		};
/* End PBXTargetDependency section */

/* Begin XCBuildConfiguration section */
		3DEF1E932CFE76BF00FF4CE4 /* Debug */ = {
			isa = XCBuildConfiguration;
			buildSettings = {
				ASSETCATALOG_COMPILER_APPICON_NAME = AppIcon;
				ASSETCATALOG_COMPILER_GLOBAL_ACCENT_COLOR_NAME = AccentColor;
				CODE_SIGN_STYLE = Automatic;
				CURRENT_PROJECT_VERSION = 1;
				GENERATE_INFOPLIST_FILE = YES;
				INFOPLIST_FILE = testingtesting123/Info.plist;
				INFOPLIST_KEY_UIApplicationSupportsIndirectInputEvents = YES;
				INFOPLIST_KEY_UILaunchStoryboardName = LaunchScreen;
				INFOPLIST_KEY_UIMainStoryboardFile = Main;
				INFOPLIST_KEY_UISupportedInterfaceOrientations_iPad = "UIInterfaceOrientationPortrait UIInterfaceOrientationPortraitUpsideDown UIInterfaceOrientationLandscapeLeft UIInterfaceOrientationLandscapeRight";
				INFOPLIST_KEY_UISupportedInterfaceOrientations_iPhone = "UIInterfaceOrientationPortrait UIInterfaceOrientationLandscapeLeft UIInterfaceOrientationLandscapeRight";
				LD_RUNPATH_SEARCH_PATHS = (
					"$(inherited)",
					"@executable_path/Frameworks",
				);
				MARKETING_VERSION = 1.0;
				PRODUCT_BUNDLE_IDENTIFIER = com.appDevTutorial.testingtesting123;
				PRODUCT_NAME = "$(TARGET_NAME)";
				SWIFT_EMIT_LOC_STRINGS = YES;
				SWIFT_VERSION = 5.0;
				TARGETED_DEVICE_FAMILY = "1,2";
			};
			name = Debug;
		};
		3DEF1E942CFE76BF00FF4CE4 /* Release */ = {
			isa = XCBuildConfiguration;
			buildSettings = {
				ASSETCATALOG_COMPILER_APPICON_NAME = AppIcon;
				ASSETCATALOG_COMPILER_GLOBAL_ACCENT_COLOR_NAME = AccentColor;
				CODE_SIGN_STYLE = Automatic;
				CURRENT_PROJECT_VERSION = 1;
				GENERATE_INFOPLIST_FILE = YES;
				INFOPLIST_FILE = testingtesting123/Info.plist;
				INFOPLIST_KEY_UIApplicationSupportsIndirectInputEvents = YES;
				INFOPLIST_KEY_UILaunchStoryboardName = LaunchScreen;
				INFOPLIST_KEY_UIMainStoryboardFile = Main;
				INFOPLIST_KEY_UISupportedInterfaceOrientations_iPad = "UIInterfaceOrientationPortrait UIInterfaceOrientationPortraitUpsideDown UIInterfaceOrientationLandscapeLeft UIInterfaceOrientationLandscapeRight";
				INFOPLIST_KEY_UISupportedInterfaceOrientations_iPhone = "UIInterfaceOrientationPortrait UIInterfaceOrientationLandscapeLeft UIInterfaceOrientationLandscapeRight";
				LD_RUNPATH_SEARCH_PATHS = (
					"$(inherited)",
					"@executable_path/Frameworks",
				);
				MARKETING_VERSION = 1.0;
				PRODUCT_BUNDLE_IDENTIFIER = com.appDevTutorial.testingtesting123;
				PRODUCT_NAME = "$(TARGET_NAME)";
				SWIFT_EMIT_LOC_STRINGS = YES;
				SWIFT_VERSION = 5.0;
				TARGETED_DEVICE_FAMILY = "1,2";
			};
			name = Release;
		};
		3DEF1E952CFE76BF00FF4CE4 /* Debug */ = {
			isa = XCBuildConfiguration;
			buildSettings = {
				ALWAYS_SEARCH_USER_PATHS = NO;
				ASSETCATALOG_COMPILER_GENERATE_SWIFT_ASSET_SYMBOL_EXTENSIONS = YES;
				CLANG_ANALYZER_NONNULL = YES;
				CLANG_ANALYZER_NUMBER_OBJECT_CONVERSION = YES_AGGRESSIVE;
				CLANG_CXX_LANGUAGE_STANDARD = "gnu++20";
				CLANG_ENABLE_MODULES = YES;
				CLANG_ENABLE_OBJC_ARC = YES;
				CLANG_ENABLE_OBJC_WEAK = YES;
				CLANG_WARN_BLOCK_CAPTURE_AUTORELEASING = YES;
				CLANG_WARN_BOOL_CONVERSION = YES;
				CLANG_WARN_COMMA = YES;
				CLANG_WARN_CONSTANT_CONVERSION = YES;
				CLANG_WARN_DEPRECATED_OBJC_IMPLEMENTATIONS = YES;
				CLANG_WARN_DIRECT_OBJC_ISA_USAGE = YES_ERROR;
				CLANG_WARN_DOCUMENTATION_COMMENTS = YES;
				CLANG_WARN_EMPTY_BODY = YES;
				CLANG_WARN_ENUM_CONVERSION = YES;
				CLANG_WARN_INFINITE_RECURSION = YES;
				CLANG_WARN_INT_CONVERSION = YES;
				CLANG_WARN_NON_LITERAL_NULL_CONVERSION = YES;
				CLANG_WARN_OBJC_IMPLICIT_RETAIN_SELF = YES;
				CLANG_WARN_OBJC_LITERAL_CONVERSION = YES;
				CLANG_WARN_OBJC_ROOT_CLASS = YES_ERROR;
				CLANG_WARN_QUOTED_INCLUDE_IN_FRAMEWORK_HEADER = YES;
				CLANG_WARN_RANGE_LOOP_ANALYSIS = YES;
				CLANG_WARN_STRICT_PROTOTYPES = YES;
				CLANG_WARN_SUSPICIOUS_MOVE = YES;
				CLANG_WARN_UNGUARDED_AVAILABILITY = YES_AGGRESSIVE;
				CLANG_WARN_UNREACHABLE_CODE = YES;
				CLANG_WARN__DUPLICATE_METHOD_MATCH = YES;
				COPY_PHASE_STRIP = NO;
				DEBUG_INFORMATION_FORMAT = dwarf;
				ENABLE_STRICT_OBJC_MSGSEND = YES;
				ENABLE_TESTABILITY = YES;
				ENABLE_USER_SCRIPT_SANDBOXING = YES;
				GCC_C_LANGUAGE_STANDARD = gnu17;
				GCC_DYNAMIC_NO_PIC = NO;
				GCC_NO_COMMON_BLOCKS = YES;
				GCC_OPTIMIZATION_LEVEL = 0;
				GCC_PREPROCESSOR_DEFINITIONS = (
					"DEBUG=1",
					"$(inherited)",
				);
				GCC_WARN_64_TO_32_BIT_CONVERSION = YES;
				GCC_WARN_ABOUT_RETURN_TYPE = YES_ERROR;
				GCC_WARN_UNDECLARED_SELECTOR = YES;
				GCC_WARN_UNINITIALIZED_AUTOS = YES_AGGRESSIVE;
				GCC_WARN_UNUSED_FUNCTION = YES;
				GCC_WARN_UNUSED_VARIABLE = YES;
				IPHONEOS_DEPLOYMENT_TARGET = 18.1;
				LOCALIZATION_PREFERS_STRING_CATALOGS = YES;
				MTL_ENABLE_DEBUG_INFO = INCLUDE_SOURCE;
				MTL_FAST_MATH = YES;
				ONLY_ACTIVE_ARCH = YES;
				SDKROOT = iphoneos;
				SWIFT_ACTIVE_COMPILATION_CONDITIONS = "DEBUG $(inherited)";
				SWIFT_OPTIMIZATION_LEVEL = "-Onone";
			};
			name = Debug;
		};
		3DEF1E962CFE76BF00FF4CE4 /* Release */ = {
			isa = XCBuildConfiguration;
			buildSettings = {
				ALWAYS_SEARCH_USER_PATHS = NO;
				ASSETCATALOG_COMPILER_GENERATE_SWIFT_ASSET_SYMBOL_EXTENSIONS = YES;
				CLANG_ANALYZER_NONNULL = YES;
				CLANG_ANALYZER_NUMBER_OBJECT_CONVERSION = YES_AGGRESSIVE;
				CLANG_CXX_LANGUAGE_STANDARD = "gnu++20";
				CLANG_ENABLE_MODULES = YES;
				CLANG_ENABLE_OBJC_ARC = YES;
				CLANG_ENABLE_OBJC_WEAK = YES;
				CLANG_WARN_BLOCK_CAPTURE_AUTORELEASING = YES;
				CLANG_WARN_BOOL_CONVERSION = YES;
				CLANG_WARN_COMMA = YES;
				CLANG_WARN_CONSTANT_CONVERSION = YES;
				CLANG_WARN_DEPRECATED_OBJC_IMPLEMENTATIONS = YES;
				CLANG_WARN_DIRECT_OBJC_ISA_USAGE = YES_ERROR;
				CLANG_WARN_DOCUMENTATION_COMMENTS = YES;
				CLANG_WARN_EMPTY_BODY = YES;
				CLANG_WARN_ENUM_CONVERSION = YES;
				CLANG_WARN_INFINITE_RECURSION = YES;
				CLANG_WARN_INT_CONVERSION = YES;
				CLANG_WARN_NON_LITERAL_NULL_CONVERSION = YES;
				CLANG_WARN_OBJC_IMPLICIT_RETAIN_SELF = YES;
				CLANG_WARN_OBJC_LITERAL_CONVERSION = YES;
				CLANG_WARN_OBJC_ROOT_CLASS = YES_ERROR;
				CLANG_WARN_QUOTED_INCLUDE_IN_FRAMEWORK_HEADER = YES;
				CLANG_WARN_RANGE_LOOP_ANALYSIS = YES;
				CLANG_WARN_STRICT_PROTOTYPES = YES;
				CLANG_WARN_SUSPICIOUS_MOVE = YES;
				CLANG_WARN_UNGUARDED_AVAILABILITY = YES_AGGRESSIVE;
				CLANG_WARN_UNREACHABLE_CODE = YES;
				CLANG_WARN__DUPLICATE_METHOD_MATCH = YES;
				COPY_PHASE_STRIP = NO;
				DEBUG_INFORMATION_FORMAT = "dwarf-with-dsym";
				ENABLE_NS_ASSERTIONS = NO;
				ENABLE_STRICT_OBJC_MSGSEND = YES;
				ENABLE_USER_SCRIPT_SANDBOXING = YES;
				GCC_C_LANGUAGE_STANDARD = gnu17;
				GCC_NO_COMMON_BLOCKS = YES;
				GCC_WARN_64_TO_32_BIT_CONVERSION = YES;
				GCC_WARN_ABOUT_RETURN_TYPE = YES_ERROR;
				GCC_WARN_UNDECLARED_SELECTOR = YES;
				GCC_WARN_UNINITIALIZED_AUTOS = YES_AGGRESSIVE;
				GCC_WARN_UNUSED_FUNCTION = YES;
				GCC_WARN_UNUSED_VARIABLE = YES;
				IPHONEOS_DEPLOYMENT_TARGET = 18.1;
				LOCALIZATION_PREFERS_STRING_CATALOGS = YES;
				MTL_ENABLE_DEBUG_INFO = NO;
				MTL_FAST_MATH = YES;
				SDKROOT = iphoneos;
				SWIFT_COMPILATION_MODE = wholemodule;
				VALIDATE_PRODUCT = YES;
			};
			name = Release;
		};
		3DEF1E982CFE76BF00FF4CE4 /* Debug */ = {
			isa = XCBuildConfiguration;
			buildSettings = {
				BUNDLE_LOADER = "$(TEST_HOST)";
				CODE_SIGN_STYLE = Automatic;
				CURRENT_PROJECT_VERSION = 1;
				GENERATE_INFOPLIST_FILE = YES;
				IPHONEOS_DEPLOYMENT_TARGET = 18.1;
				MARKETING_VERSION = 1.0;
				PRODUCT_BUNDLE_IDENTIFIER = com.appDevTutorial.testingtesting123Tests;
				PRODUCT_NAME = "$(TARGET_NAME)";
				SWIFT_EMIT_LOC_STRINGS = NO;
				SWIFT_VERSION = 5.0;
				TARGETED_DEVICE_FAMILY = "1,2";
				TEST_HOST = "$(BUILT_PRODUCTS_DIR)/testingtesting123.app/$(BUNDLE_EXECUTABLE_FOLDER_PATH)/testingtesting123";
			};
			name = Debug;
		};
		3DEF1E992CFE76BF00FF4CE4 /* Release */ = {
			isa = XCBuildConfiguration;
			buildSettings = {
				BUNDLE_LOADER = "$(TEST_HOST)";
				CODE_SIGN_STYLE = Automatic;
				CURRENT_PROJECT_VERSION = 1;
				GENERATE_INFOPLIST_FILE = YES;
				IPHONEOS_DEPLOYMENT_TARGET = 18.1;
				MARKETING_VERSION = 1.0;
				PRODUCT_BUNDLE_IDENTIFIER = com.appDevTutorial.testingtesting123Tests;
				PRODUCT_NAME = "$(TARGET_NAME)";
				SWIFT_EMIT_LOC_STRINGS = NO;
				SWIFT_VERSION = 5.0;
				TARGETED_DEVICE_FAMILY = "1,2";
				TEST_HOST = "$(BUILT_PRODUCTS_DIR)/testingtesting123.app/$(BUNDLE_EXECUTABLE_FOLDER_PATH)/testingtesting123";
			};
			name = Release;
		};
		3DEF1E9B2CFE76BF00FF4CE4 /* Debug */ = {
			isa = XCBuildConfiguration;
			buildSettings = {
				CODE_SIGN_STYLE = Automatic;
				CURRENT_PROJECT_VERSION = 1;
				GENERATE_INFOPLIST_FILE = YES;
				MARKETING_VERSION = 1.0;
				PRODUCT_BUNDLE_IDENTIFIER = com.appDevTutorial.testingtesting123UITests;
				PRODUCT_NAME = "$(TARGET_NAME)";
				SWIFT_EMIT_LOC_STRINGS = NO;
				SWIFT_VERSION = 5.0;
				TARGETED_DEVICE_FAMILY = "1,2";
				TEST_TARGET_NAME = testingtesting123;
			};
			name = Debug;
		};
		3DEF1E9C2CFE76BF00FF4CE4 /* Release */ = {
			isa = XCBuildConfiguration;
			buildSettings = {
				CODE_SIGN_STYLE = Automatic;
				CURRENT_PROJECT_VERSION = 1;
				GENERATE_INFOPLIST_FILE = YES;
				MARKETING_VERSION = 1.0;
				PRODUCT_BUNDLE_IDENTIFIER = com.appDevTutorial.testingtesting123UITests;
				PRODUCT_NAME = "$(TARGET_NAME)";
				SWIFT_EMIT_LOC_STRINGS = NO;
				SWIFT_VERSION = 5.0;
				TARGETED_DEVICE_FAMILY = "1,2";
				TEST_TARGET_NAME = testingtesting123;
			};
			name = Release;
		};
/* End XCBuildConfiguration section */

/* Begin XCConfigurationList section */
		3DEF1E642CFE76BD00FF4CE4 /* Build configuration list for PBXProject "testingtesting123" */ = {
			isa = XCConfigurationList;
			buildConfigurations = (
				3DEF1E952CFE76BF00FF4CE4 /* Debug */,
				3DEF1E962CFE76BF00FF4CE4 /* Release */,
			);
			defaultConfigurationIsVisible = 0;
			defaultConfigurationName = Release;
		};
		3DEF1E922CFE76BF00FF4CE4 /* Build configuration list for PBXNativeTarget "testingtesting123" */ = {
			isa = XCConfigurationList;
			buildConfigurations = (
				3DEF1E932CFE76BF00FF4CE4 /* Debug */,
				3DEF1E942CFE76BF00FF4CE4 /* Release */,
			);
			defaultConfigurationIsVisible = 0;
			defaultConfigurationName = Release;
		};
		3DEF1E972CFE76BF00FF4CE4 /* Build configuration list for PBXNativeTarget "testingtesting123Tests" */ = {
			isa = XCConfigurationList;
			buildConfigurations = (
				3DEF1E982CFE76BF00FF4CE4 /* Debug */,
				3DEF1E992CFE76BF00FF4CE4 /* Release */,
			);
			defaultConfigurationIsVisible = 0;
			defaultConfigurationName = Release;
		};
		3DEF1E9A2CFE76BF00FF4CE4 /* Build configuration list for PBXNativeTarget "testingtesting123UITests" */ = {
			isa = XCConfigurationList;
			buildConfigurations = (
				3DEF1E9B2CFE76BF00FF4CE4 /* Debug */,
				3DEF1E9C2CFE76BF00FF4CE4 /* Release */,
			);
			defaultConfigurationIsVisible = 0;
			defaultConfigurationName = Release;
		};
/* End XCConfigurationList section */
	};
	rootObject = 3DEF1E612CFE76BD00FF4CE4 /* Project object */;
}
